
Microsoft Visual Studio Solution File, Format Version 12.00
# Visual Studio 15
VisualStudioVersion = 15.0.28010.2050
MinimumVisualStudioVersion = 10.0.40219.1
Project("{FAE04EC0-301F-11D3-BF4B-00C04F79EFBC}") = "CRM_WebAPI_Tests", "CRM_WebAPI_Tests\CRM_WebAPI_Tests.csproj", "{F2B3AB8E-7C7A-4721-B125-A44AF780879C}"
EndProject
Global
	GlobalSection(SolutionConfigurationPlatforms) = preSolution
		Debug|Any CPU = Debug|Any CPU
		Release|Any CPU = Release|Any CPU
	EndGlobalSection
	GlobalSection(ProjectConfigurationPlatforms) = postSolution
		{F2B3AB8E-7C7A-4721-B125-A44AF780879C}.Debug|Any CPU.ActiveCfg = Debug|Any CPU
		{F2B3AB8E-7C7A-4721-B125-A44AF780879C}.Debug|Any CPU.Build.0 = Debug|Any CPU
		{F2B3AB8E-7C7A-4721-B125-A44AF780879C}.Release|Any CPU.ActiveCfg = Release|Any CPU
		{F2B3AB8E-7C7A-4721-B125-A44AF780879C}.Release|Any CPU.Build.0 = Release|Any CPU
	EndGlobalSection
	GlobalSection(SolutionProperties) = preSolution
		HideSolutionNode = FALSE
	EndGlobalSection
	GlobalSection(ExtensibilityGlobals) = postSolution
		SolutionGuid = {B3CC1C16-C10F-4A8C-9BF2-09482804ABC2}
	EndGlobalSection
EndGlobal
